
Microsoft Visual Studio Solution File, Format Version 12.00
# Visual Studio Version 17
VisualStudioVersion = 17.2.32616.157
MinimumVisualStudioVersion = 10.0.40219.1
Project("{FAE04EC0-301F-11D3-BF4B-00C04F79EFBC}") = "Tryout-ReactWithDotnetCore", "Tryout-ReactWithDotnetCore\Tryout-ReactWithDotnetCore.csproj", "{DD171BC6-F77D-492A-B81B-9621583E85D4}"
EndProject
Global
	GlobalSection(SolutionConfigurationPlatforms) = preSolution
		Debug|Any CPU = Debug|Any CPU
		Release|Any CPU = Release|Any CPU
	EndGlobalSection
	GlobalSection(ProjectConfigurationPlatforms) = postSolution
		{DD171BC6-F77D-492A-B81B-9621583E85D4}.Debug|Any CPU.ActiveCfg = Debug|Any CPU
		{DD171BC6-F77D-492A-B81B-9621583E85D4}.Debug|Any CPU.Build.0 = Debug|Any CPU
		{DD171BC6-F77D-492A-B81B-9621583E85D4}.Release|Any CPU.ActiveCfg = Release|Any CPU
		{DD171BC6-F77D-492A-B81B-9621583E85D4}.Release|Any CPU.Build.0 = Release|Any CPU
	EndGlobalSection
	GlobalSection(SolutionProperties) = preSolution
		HideSolutionNode = FALSE
	EndGlobalSection
	GlobalSection(ExtensibilityGlobals) = postSolution
		SolutionGuid = {5276A7D0-F61F-41C2-8901-0E79C8C2C8A2}
	EndGlobalSection
EndGlobal
